Microsoft Visual Studio Solution File, Format Version 12.00
# Visual Studio Version 17
VisualStudioVersion = 17.5.2.0
MinimumVisualStudioVersion = 10.0.40219.1
Project("{2150E333-8FDC-42A3-9474-1A3956D46DE8}") = "drivers", "drivers", "{74553503-8F02-3961-70FA-B3C80C1C4ED6}"
EndProject
Project("{2150E333-8FDC-42A3-9474-1A3956D46DE8}") = "dotnet-driver", "dotnet-driver", "{E135CD68-F046-34E3-A396-9CF7D251530B}"
EndProject
Project("{FAE04EC0-301F-11D3-BF4B-00C04F79EFBC}") = "DotnetDriver", "drivers\dotnet-driver\DotnetDriver.csproj", "{4400AD1C-FC63-64A1-A56F-B79CAB0BDB21}"
EndProject
Global
	GlobalSection(SolutionConfigurationPlatforms) = preSolution
		Debug|Any CPU = Debug|Any CPU
		Release|Any CPU = Release|Any CPU
	EndGlobalSection
	GlobalSection(ProjectConfigurationPlatforms) = postSolution
		{4400AD1C-FC63-64A1-A56F-B79CAB0BDB21}.Debug|Any CPU.ActiveCfg = Debug|Any CPU
		{4400AD1C-FC63-64A1-A56F-B79CAB0BDB21}.Debug|Any CPU.Build.0 = Debug|Any CPU
		{4400AD1C-FC63-64A1-A56F-B79CAB0BDB21}.Release|Any CPU.ActiveCfg = Release|Any CPU
		{4400AD1C-FC63-64A1-A56F-B79CAB0BDB21}.Release|Any CPU.Build.0 = Release|Any CPU
	EndGlobalSection
	GlobalSection(SolutionProperties) = preSolution
		HideSolutionNode = FALSE
	EndGlobalSection
	GlobalSection(NestedProjects) = preSolution
		{E135CD68-F046-34E3-A396-9CF7D251530B} = {74553503-8F02-3961-70FA-B3C80C1C4ED6}
		{4400AD1C-FC63-64A1-A56F-B79CAB0BDB21} = {E135CD68-F046-34E3-A396-9CF7D251530B}
	EndGlobalSection
	GlobalSection(ExtensibilityGlobals) = postSolution
		SolutionGuid = {EE5ED13E-9FDC-41FC-8FAD-52AF543928A9}
	EndGlobalSection
EndGlobal
